
Microsoft Visual Studio Solution File, Format Version 12.00
# Visual Studio Version 17
VisualStudioVersion = 17.8.34525.116
MinimumVisualStudioVersion = 10.0.40219.1
Project("{FAE04EC0-301F-11D3-BF4B-00C04F79EFBC}") = "homework2", "homework2.csproj", "{5EE29F3A-BD95-4061-A2A3-05DA3A4FFAFA}"
EndProject
Global
	GlobalSection(SolutionConfigurationPlatforms) = preSolution
		Debug|Any CPU = Debug|Any CPU
		Release|Any CPU = Release|Any CPU
	EndGlobalSection
	GlobalSection(ProjectConfigurationPlatforms) = postSolution
		{5EE29F3A-BD95-4061-A2A3-05DA3A4FFAFA}.Debug|Any CPU.ActiveCfg = Debug|Any CPU
		{5EE29F3A-BD95-4061-A2A3-05DA3A4FFAFA}.Debug|Any CPU.Build.0 = Debug|Any CPU
		{5EE29F3A-BD95-4061-A2A3-05DA3A4FFAFA}.Release|Any CPU.ActiveCfg = Release|Any CPU
		{5EE29F3A-BD95-4061-A2A3-05DA3A4FFAFA}.Release|Any CPU.Build.0 = Release|Any CPU
	EndGlobalSection
	GlobalSection(SolutionProperties) = preSolution
		HideSolutionNode = FALSE
	EndGlobalSection
	GlobalSection(ExtensibilityGlobals) = postSolution
		SolutionGuid = {82C8F6F8-1809-47F5-8AA6-793908D726D5}
	EndGlobalSection
EndGlobal
